
Microsoft Visual Studio Solution File, Format Version 11.00
# Visual Studio 2010
Project("{FAE04EC0-301F-11D3-BF4B-00C04F79EFBC}") = "Assembly-CSharp", "Assembly-CSharp.csproj", "{03f8e3a0-12e3-17d8-816d-51455e70df77}"
EndProject
Project("{FAE04EC0-301F-11D3-BF4B-00C04F79EFBC}") = "Assembly-CSharp-Editor", "Assembly-CSharp-Editor.csproj", "{86eb9e4f-7878-97cd-20f8-e1a99195b786}"
EndProject
Global
	GlobalSection(SolutionConfigurationPlatforms) = preSolution
		Debug|Any CPU = Debug|Any CPU
	EndGlobalSection
	GlobalSection(ProjectConfigurationPlatforms) = postSolution
		{03f8e3a0-12e3-17d8-816d-51455e70df77}.Debug|Any CPU.ActiveCfg = Debug|Any CPU
		{03f8e3a0-12e3-17d8-816d-51455e70df77}.Debug|Any CPU.Build.0 = Debug|Any CPU
		{86eb9e4f-7878-97cd-20f8-e1a99195b786}.Debug|Any CPU.ActiveCfg = Debug|Any CPU
		{86eb9e4f-7878-97cd-20f8-e1a99195b786}.Debug|Any CPU.Build.0 = Debug|Any CPU
	EndGlobalSection
	GlobalSection(SolutionProperties) = preSolution
		HideSolutionNode = FALSE
	EndGlobalSection
EndGlobal
